
Microsoft Visual Studio Solution File, Format Version 12.00
# Visual Studio Version 16
VisualStudioVersion = 16.0.30804.86
MinimumVisualStudioVersion = 10.0.40219.1
Project("{FAE04EC0-301F-11D3-BF4B-00C04F79EFBC}") = "ChainOfResponsibilityPattern", "ChainOfResponsibilityPattern.csproj", "{E00631C1-B2D9-4278-AA3C-F550E2CABE31}"
EndProject
Global
	GlobalSection(SolutionConfigurationPlatforms) = preSolution
		Debug|Any CPU = Debug|Any CPU
		Release|Any CPU = Release|Any CPU
	EndGlobalSection
	GlobalSection(ProjectConfigurationPlatforms) = postSolution
		{E00631C1-B2D9-4278-AA3C-F550E2CABE31}.Debug|Any CPU.ActiveCfg = Debug|Any CPU
		{E00631C1-B2D9-4278-AA3C-F550E2CABE31}.Debug|Any CPU.Build.0 = Debug|Any CPU
		{E00631C1-B2D9-4278-AA3C-F550E2CABE31}.Release|Any CPU.ActiveCfg = Release|Any CPU
		{E00631C1-B2D9-4278-AA3C-F550E2CABE31}.Release|Any CPU.Build.0 = Release|Any CPU
	EndGlobalSection
	GlobalSection(SolutionProperties) = preSolution
		HideSolutionNode = FALSE
	EndGlobalSection
	GlobalSection(ExtensibilityGlobals) = postSolution
		SolutionGuid = {4EE40F91-6EEC-4840-83B8-AA462FBCC7B3}
	EndGlobalSection
EndGlobal
